{
  "lockfileVersion": 1,
  "configVersion": 1,
  "workspaces": {
    "": {
      "name": "@pnhr/sort-json",
      "dependencies": {
        "@sinclair/typebox": "0.34.52",
        "fast-glob": "^3.3.3",
      },
      "devDependencies": {
        "@types/bun": "^1.2.4",
        "@types/node": "^26.0.0",
        "lefthook": "2.1.12",
        "oxfmt": "0.65.0",
        "oxlint": "1.80.0",
        "typescript": "^6.0.0",
      },
    },
  },
  "packages": {
    "@nodelib/fs.scandir": ["@nodelib/fs.scandir@2.1.5", "", { "dependencies": { "@nodelib/fs.stat": "2.0.5", "run-parallel": "^1.1.9" } }, "sha512-vq24Bq3ym5HEQm2NKCr3yXDwjc7vTsEThRDnkp2DK9p1uqLR+DHurm/NOTo0KG7HYHU7eppKZj3MyqYuMBf62g=="],

    "@nodelib/fs.stat": ["@nodelib/fs.stat@2.0.5", "", {}, "sha512-RkhPPp2zrqDAQA/2jNhnztcPAlv64XdhIp7a7454A5ovI7Bukxgt7MX7udwAu3zg1DcpPU0rz3VV1SeaqvY4+A=="],

    "@nodelib/fs.walk": ["@nodelib/fs.walk@1.2.8", "", { "dependencies": { "@nodelib/fs.scandir": "2.1.5", "fastq": "^1.6.0" } }, "sha512-oGB+UxlgWcgQkgwo8GcEGwemoTFt3FIO9ababBmaGwXIoBKZ+GTy0pP185beGg7Llih/NSHSV2XAs1lnznocSg=="],

    "@oxfmt/binding-android-arm-eabi": ["@oxfmt/binding-android-arm-eabi@0.65.0", "", { "os": "android", "cpu": "arm" }, "sha512-M10Gs1SSpTNI6ahGx3M/OlIdUF4hkaP6OgUb+MS79t/Pgflk3r1nW5gPFqsZGUAXg0H1AfANT9AvLdBSTIhZKg=="],

    "@oxfmt/binding-android-arm64": ["@oxfmt/binding-android-arm64@0.65.0", "", { "os": "android", "cpu": "arm64" }, "sha512-6DXH5sftNlaHpWJG50hFMF+Qxtq5D2TmahvcDPxWNcGIf8qrC9Y0YgHYcYZ2hlWzaccKXh/f3GcssH8vtkl4JA=="],

    "@oxfmt/binding-darwin-arm64": ["@oxfmt/binding-darwin-arm64@0.65.0", "", { "os": "darwin", "cpu": "arm64" }, "sha512-K9m7lr53pcOLETNsC88sWes/GWHUGjZyHx95UhYcSXy0r30haLdeXlSufSenEAtoLaW753WN8/l4M7GYcRt6cg=="],

    "@oxfmt/binding-darwin-x64": ["@oxfmt/binding-darwin-x64@0.65.0", "", { "os": "darwin", "cpu": "x64" }, "sha512-sTNwIx1gre3MyiHOPLu7IGW4UyMScYL4DTmJT01p4vzB0En+OJUQz6KuH8t0PpsClRSaMuY3b0QmtoPItfO8Lg=="],

    "@oxfmt/binding-freebsd-x64": ["@oxfmt/binding-freebsd-x64@0.65.0", "", { "os": "freebsd", "cpu": "x64" }, "sha512-lYZMVIiIpnjGu5hJb2jxA8NYQ/e0OTGuaiAf4dqlGPNnPmUTu23FZRMltmjro/KkQm1uE4NT4n5yJ2zWmKcpfA=="],

    "@oxfmt/binding-linux-arm-gnueabihf": ["@oxfmt/binding-linux-arm-gnueabihf@0.65.0", "", { "os": "linux", "cpu": "arm" }, "sha512-gIdXFAt/bURnjxuoedDEWdZ0PEWEmdDcm8qdpoFYYvW3QMk/5D4vUaH4mlMeRpeTdST4izUgHVO6RawQ4QulJw=="],

    "@oxfmt/binding-linux-arm-musleabihf": ["@oxfmt/binding-linux-arm-musleabihf@0.65.0", "", { "os": "linux", "cpu": "arm" }, "sha512-jJVyADto7gA2AaX5qAjAexrxx9PJQaKWOe8PICE7yKMbjBRyOHcmj9TtVJ+MZYDUQ3hodU0AcoTj0jFQ1W4C6Q=="],

    "@oxfmt/binding-linux-arm64-gnu": ["@oxfmt/binding-linux-arm64-gnu@0.65.0", "", { "os": "linux", "cpu": "arm64" }, "sha512-p3RFkB+u7u+8up99b/NEcI1hdpLDiGgJYNwDorB60n7eH+eKposAKuMBxx+NqB3b+sJP4CZmYDh9G7X62tUsKg=="],

    "@oxfmt/binding-linux-arm64-musl": ["@oxfmt/binding-linux-arm64-musl@0.65.0", "", { "os": "linux", "cpu": "arm64" }, "sha512-5Prb0uFzJHr+OUD/qS/TmU526wD+PaHDsm3KoRiUXbMIDpTSErjeQYkK3OQeshAvD/PuLa9WGEi9WPajjdOZJg=="],

    "@oxfmt/binding-linux-ppc64-gnu": ["@oxfmt/binding-linux-ppc64-gnu@0.65.0", "", { "os": "linux", "cpu": "ppc64" }, "sha512-S8svxTp81obnF3admN9yd+u2rOYXtyzThLGBTg1PY6TPtGcC09BaaXLQD+TBSMa7yvqhCDZ8DFri+S/yG60qCg=="],

    "@oxfmt/binding-linux-riscv64-gnu": ["@oxfmt/binding-linux-riscv64-gnu@0.65.0", "", { "os": "linux", "cpu": "none" }, "sha512-WtXBr75G/h2qOHy8SiGtC1R6aS3jt4mE52v1D8AtwMXIgoOmSNP9lKvbSaTRoL0e5wsMPoi6T72QWDYPu+S+nA=="],

    "@oxfmt/binding-linux-riscv64-musl": ["@oxfmt/binding-linux-riscv64-musl@0.65.0", "", { "os": "linux", "cpu": "none" }, "sha512-YwSLVvpaz4o/nv/miiPEBJz+eJ+VmbgNIrao6RccK9ce+L5EA8wP+ZD0uFeq6wKOza6zoWv/dR0sj6lip6R3EA=="],

    "@oxfmt/binding-linux-s390x-gnu": ["@oxfmt/binding-linux-s390x-gnu@0.65.0", "", { "os": "linux", "cpu": "s390x" }, "sha512-XQTPqgvyrgkKcFq+Tp2eK6JS7sqqJ+nRmy2Fav4j3I+i4dJoPJm7YwEdoeSDX9xkqj9jZ/lWfF3bXUWztIrn6A=="],

    "@oxfmt/binding-linux-x64-gnu": ["@oxfmt/binding-linux-x64-gnu@0.65.0", "", { "os": "linux", "cpu": "x64" }, "sha512-cjZlx6S/VkeCNWCbwZriTnLnZeTcV3DEyeRGSw/2wwLP9viq+C0bJ4bC1k/ZLkFxDcB1lUgSasPkYGP1bdraOg=="],

    "@oxfmt/binding-linux-x64-musl": ["@oxfmt/binding-linux-x64-musl@0.65.0", "", { "os": "linux", "cpu": "x64" }, "sha512-2azCjxdLtK4zCcIOU1dlXlU0xxfbPi6EjwWx7Ac7teWPidIIDOcIhudup83xNCKYhtqeVd/gaVDOxbUq4syXWA=="],

    "@oxfmt/binding-openharmony-arm64": ["@oxfmt/binding-openharmony-arm64@0.65.0", "", { "os": "none", "cpu": "arm64" }, "sha512-KXQ7xi1e/voP0IQaw6fG6XY4Z5+Llf1XmRSZS1t7pVFCecFJ0iXaboKmVwjFtp5MLlT5iWQrJ2U1C3GJdZ2u+Q=="],

    "@oxfmt/binding-win32-arm64-msvc": ["@oxfmt/binding-win32-arm64-msvc@0.65.0", "", { "os": "win32", "cpu": "arm64" }, "sha512-2FbbjG5jEqLSLKVJwBap84uJfpn5Y5A53KEO0aUNr+zeiRB9nyPUIFMcSbZVMFLitfBytFWRNngozXYjb6Rsbw=="],

    "@oxfmt/binding-win32-ia32-msvc": ["@oxfmt/binding-win32-ia32-msvc@0.65.0", "", { "os": "win32", "cpu": "ia32" }, "sha512-LJ+ZacAPSjegDOnSLyA1TMWAhdDrsK4el3REdr1oL2UtVBCMhO2II/Sb3cEW6mF2MfLhl8hDNCSvc7KSbgk3LQ=="],

    "@oxfmt/binding-win32-x64-msvc": ["@oxfmt/binding-win32-x64-msvc@0.65.0", "", { "os": "win32", "cpu": "x64" }, "sha512-higu9cWEO6XXFzATD1jf0mCK34rNfN2H9JrJie7QB1IhleVpTh0QlLH9Ip2C1H/Nd5n0v5pvRtC+5R0uE4HpVg=="],

    "@oxlint/binding-android-arm-eabi": ["@oxlint/binding-android-arm-eabi@1.80.0", "", { "os": "android", "cpu": "arm" }, "sha512-RM3Plj+biQpxa5d1GOOX6ciDlcUROmm4OZ/pLTpitkQt2mJv4jhtY4cbgaetOm5UKWZe05/TGQ6o1Vl8EOHkrA=="],

    "@oxlint/binding-android-arm64": ["@oxlint/binding-android-arm64@1.80.0", "", { "os": "android", "cpu": "arm64" }, "sha512-YlO5JEf0Yr2bUUlu8O8daVcUxtcGGbcSmyV7E7nSbJbfAdxTE0PFPwgnIlw7wXJaTYjb+qs5hI5q3jxUkI7cAw=="],

    "@oxlint/binding-darwin-arm64": ["@oxlint/binding-darwin-arm64@1.80.0", "", { "os": "darwin", "cpu": "arm64" }, "sha512-BULDOyO3AhsmdWfQeIUCykDt3dd7XZBGLhp1eIh56skRv01O+cNjNPwXMIbeW1x4+pxcln5if72wcRgViVo7PA=="],

    "@oxlint/binding-darwin-x64": ["@oxlint/binding-darwin-x64@1.80.0", "", { "os": "darwin", "cpu": "x64" }, "sha512-YJ4JzLw7N5TDSQFlA0hAQGHvnDZgyypm1yunObVWcWiF9KM7eGCJKYKLgTC2Fi/57OdnBhbj4OkzPGdFQJ6HyA=="],

    "@oxlint/binding-freebsd-x64": ["@oxlint/binding-freebsd-x64@1.80.0", "", { "os": "freebsd", "cpu": "x64" }, "sha512-AYUIk5QnL0s8oWAYsREZwkRYy1SupJTXALo93J1TgzHywxQtdM99FecRMQ87MXEdPQ0j1TmEpeeq3fGNkpvMqg=="],

    "@oxlint/binding-linux-arm-gnueabihf": ["@oxlint/binding-linux-arm-gnueabihf@1.80.0", "", { "os": "linux", "cpu": "arm" }, "sha512-9hBZVANupQ89W9dXyE0n8doCyaW5pDyGn3y6XlIMPZ+rIKuyqkr3SNUXmVJIhuvUq0NBU3RBiSXXE69l4XI6KA=="],

    "@oxlint/binding-linux-arm-musleabihf": ["@oxlint/binding-linux-arm-musleabihf@1.80.0", "", { "os": "linux", "cpu": "arm" }, "sha512-SvS2uKqzY+pbfuvAHzH4338R6Zwo805GAwrIMVvK1KxoOWCIjZUdfzTCvilD7z6JK91v011+zYMryabhDo2AsQ=="],

    "@oxlint/binding-linux-arm64-gnu": ["@oxlint/binding-linux-arm64-gnu@1.80.0", "", { "os": "linux", "cpu": "arm64" }, "sha512-tCLadyqRVL3pQTRPNg7cjXKvcvS4fbyXeQHhKk5BTJ1oftQln5/yIIWbu/Xom/DX41zv2P9QGt6+D/TtQVtY3A=="],

    "@oxlint/binding-linux-arm64-musl": ["@oxlint/binding-linux-arm64-musl@1.80.0", "", { "os": "linux", "cpu": "arm64" }, "sha512-XfpCNRlOPcLlJl4Bn/FUhjqlR6BVavEykERBf/MV7YA9VZDa5g5znVqYhyviMafcxS9Pe/i/kPvHNO0U6svEHQ=="],

    "@oxlint/binding-linux-ppc64-gnu": ["@oxlint/binding-linux-ppc64-gnu@1.80.0", "", { "os": "linux", "cpu": "ppc64" }, "sha512-3I4yMwcFG9NeO8ioY6JBBuKsIm5GL/x7MATt1S4tVWaxPu5HcJ+XnLUbcVBTxG8q2Wu56HSj+NmXQiVYb1lp6A=="],

    "@oxlint/binding-linux-riscv64-gnu": ["@oxlint/binding-linux-riscv64-gnu@1.80.0", "", { "os": "linux", "cpu": "none" }, "sha512-E1wAKymkpe1/E8helzBKdm81OBOF+ezxRyXRMEuik3ZpWDER5CPOKZwF66RsdwW98uwZv8UTFremUQtC1CzdJA=="],

    "@oxlint/binding-linux-riscv64-musl": ["@oxlint/binding-linux-riscv64-musl@1.80.0", "", { "os": "linux", "cpu": "none" }, "sha512-+gLRGD4sIo3+VA++iham5UxD9tKSoJ/VOrROCEXIcknrYtQg6iIQgvjN0cpiRF7N6UYC7pJbvHJlDnMge5LRpQ=="],

    "@oxlint/binding-linux-s390x-gnu": ["@oxlint/binding-linux-s390x-gnu@1.80.0", "", { "os": "linux", "cpu": "s390x" }, "sha512-aR0PrzHj9leW3NmzBAAP4EzdoBNoJcs9sjnIQPIwyRnBGYrRbXUIpEB5Q39AqK3PLY5JK5uEhDQDiUa1QSAstw=="],

    "@oxlint/binding-linux-x64-gnu": ["@oxlint/binding-linux-x64-gnu@1.80.0", "", { "os": "linux", "cpu": "x64" }, "sha512-vSVh5cSo3Xxs6ghBCcFJlpbkbENzDog1qXtoXLa/HC3aCrR4XO76GZbXmQoCPHnu99nQpdCeC3H9tdNICfDh7A=="],

    "@oxlint/binding-linux-x64-musl": ["@oxlint/binding-linux-x64-musl@1.80.0", "", { "os": "linux", "cpu": "x64" }, "sha512-FfzBXpNQ8u7/ZI/p8bl73MeZ508Ax3hxWp3SiJpEFiC+BB9XcXy5FAZHTLKDPSzrUpxQZSZJAVdDmuJp/+HDBQ=="],

    "@oxlint/binding-openharmony-arm64": ["@oxlint/binding-openharmony-arm64@1.80.0", "", { "os": "none", "cpu": "arm64" }, "sha512-zMzbkumtmprCgRwoYNzcB3iC39fXdJIMLMU33KdCjEGLlJGOEt1+LwQ4LF8ndLzAEKVz4BR0y3V6Xrkk3Nm3yA=="],

    "@oxlint/binding-win32-arm64-msvc": ["@oxlint/binding-win32-arm64-msvc@1.80.0", "", { "os": "win32", "cpu": "arm64" }, "sha512-ib6iRcrXsk4t1fm3iKcwksyWh1ZkZXC/2mEzakl0ai2+6HZunf1WWMZ/xP9EJAvw9g9K4UVTC3NF/+G2qLrbTQ=="],

    "@oxlint/binding-win32-ia32-msvc": ["@oxlint/binding-win32-ia32-msvc@1.80.0", "", { "os": "win32", "cpu": "ia32" }, "sha512-xhRWBMpLxZvgKAH6+DJZmpP+W8Y8UdQOSU1JfxSWNXsaBaRGW77j+1hCuNHlzj7OH4SPN8fYd1q0o2qrDtoVyw=="],

    "@oxlint/binding-win32-x64-msvc": ["@oxlint/binding-win32-x64-msvc@1.80.0", "", { "os": "win32", "cpu": "x64" }, "sha512-yAnO7lwBYQnz2pcfBPIGQQZWIX5zd5R/1aAKIF3oE+TVj7IhoHcROjOkz3sRDngzqhfPKfFaXqug5j5rE5dn6Q=="],

    "@sinclair/typebox": ["@sinclair/typebox@0.34.52", "", {}, "sha512-XiMQh7qqVlxZzcVD+kkGMNGMzcTrDMLWI7S4x7z1MkCkbDPrekpZXEUK0eZqZFMuHQg2a2DZOcDIh9o5v3Gonw=="],

    "@types/bun": ["@types/bun@1.3.5", "", { "dependencies": { "bun-types": "1.3.5" } }, "sha512-RnygCqNrd3srIPEWBd5LFeUYG7plCoH2Yw9WaZGyNmdTEei+gWaHqydbaIRkIkcbXwhBT94q78QljxN0Sk838w=="],

    "@types/node": ["@types/node@26.4.0", "", { "dependencies": { "undici-types": "~8.3.0" } }, "sha512-faiGnoIrLH/V8cibOMEAZ8pMw6oXqSukl29ra4mN8GdaB2ZewzeaLj+INpV5N+Z1eKWzY+IzaIZH2EIR6YZRNQ=="],

    "braces": ["braces@3.0.3", "", { "dependencies": { "fill-range": "^7.1.1" } }, "sha512-yQbXgO/OSZVD2IsiLlro+7Hf6Q18EJrKSEsdoMzKePKXct3gvD8oLcOQdIzGupr5Fj+EDe8gO/lxc1BzfMpxvA=="],

    "bun-types": ["bun-types@1.3.5", "", { "dependencies": { "@types/node": "*" } }, "sha512-inmAYe2PFLs0SUbFOWSVD24sg1jFlMPxOjOSSCYqUgn4Hsc3rDc7dFvfVYjFPNHtov6kgUeulV4SxbuIV/stPw=="],

    "fast-glob": ["fast-glob@3.3.3", "", { "dependencies": { "@nodelib/fs.stat": "^2.0.2", "@nodelib/fs.walk": "^1.2.3", "glob-parent": "^5.1.2", "merge2": "^1.3.0", "micromatch": "^4.0.8" } }, "sha512-7MptL8U0cqcFdzIzwOTHoilX9x5BrNqye7Z/LuC7kCMRio1EMSyqRK3BEAUD7sXRq4iT4AzTVuZdhgQ2TCvYLg=="],

    "fastq": ["fastq@1.20.1", "", { "dependencies": { "reusify": "^1.0.4" } }, "sha512-GGToxJ/w1x32s/D2EKND7kTil4n8OVk/9mycTc4VDza13lOvpUZTGX3mFSCtV9ksdGBVzvsyAVLM6mHFThxXxw=="],

    "fill-range": ["fill-range@7.1.1", "", { "dependencies": { "to-regex-range": "^5.0.1" } }, "sha512-YsGpe3WHLK8ZYi4tWDg2Jy3ebRz2rXowDxnld4bkQB00cc/1Zw9AWnC0i9ztDJitivtQvaI9KaLyKrc+hBW0yg=="],

    "glob-parent": ["glob-parent@5.1.2", "", { "dependencies": { "is-glob": "^4.0.1" } }, "sha512-AOIgSQCepiJYwP3ARnGx+5VnTu2HBYdzbGP45eLw1vr3zB3vZLeyed1sC9hnbcOc9/SrMyM5RPQrkGz4aS9Zow=="],

    "is-extglob": ["is-extglob@2.1.1", "", {}, "sha512-SbKbANkN603Vi4jEZv49LeVJMn4yGwsbzZworEoyEiutsN3nJYdbO36zfhGJ6QEDpOZIFkDtnq5JRxmvl3jsoQ=="],

    "is-glob": ["is-glob@4.0.3", "", { "dependencies": { "is-extglob": "^2.1.1" } }, "sha512-xelSayHH36ZgE7ZWhli7pW34hNbNl8Ojv5KVmkJD4hBdD3th8Tfk9vYasLM+mXWOZhFkgZfxhLSnrwRr4elSSg=="],

    "is-number": ["is-number@7.0.0", "", {}, "sha512-41Cifkg6e8TylSpdtTpeLVMqvSBEVzTttHvERD741+pnZ8ANv0004MRL43QKPDlK9cGvNp6NZWZUBlbGXYxxng=="],

    "lefthook": ["lefthook@2.1.12", "", { "optionalDependencies": { "lefthook-darwin-arm64": "2.1.12", "lefthook-darwin-x64": "2.1.12", "lefthook-freebsd-arm64": "2.1.12", "lefthook-freebsd-x64": "2.1.12", "lefthook-linux-arm64": "2.1.12", "lefthook-linux-x64": "2.1.12", "lefthook-openbsd-arm64": "2.1.12", "lefthook-openbsd-x64": "2.1.12", "lefthook-windows-arm64": "2.1.12", "lefthook-windows-x64": "2.1.12" }, "bin": { "lefthook": "bin/index.js" } }, "sha512-2uOexfsrrRhCiTUWdGyDySxVHHhOFJ8MQejs27dM3hugrQB48/z1ZVlaNoxpZ1SnzQ1GaDIbO5rAvicwyiknYQ=="],

    "lefthook-darwin-arm64": ["lefthook-darwin-arm64@2.1.12", "", { "os": "darwin", "cpu": "arm64" }, "sha512-GSUjqaCuxAYlPOovbjXEWE3HAIa/xOQkTTmZ937zieQldjPLTaC7+s5FHoxKywn+D9riBlofkDqG7Z4f5zzmPA=="],

    "lefthook-darwin-x64": ["lefthook-darwin-x64@2.1.12", "", { "os": "darwin", "cpu": "x64" }, "sha512-qAUHSSw/7Afi5wxkoLkxORxSicCeTBXyVLnRgD6YZra6udviozpK3Aok9Z6FIWeKc5FBijRMSNDxGPTREhsjcQ=="],

    "lefthook-freebsd-arm64": ["lefthook-freebsd-arm64@2.1.12", "", { "os": "freebsd", "cpu": "arm64" }, "sha512-FHZRfKliFNbyz54zsoGdVe9muq67cNjBTZ6jrPPUjI7xUuyCwSpzA+1OpiwJT00L9pP5ZGONBqnGZKnrpC+7Uw=="],

    "lefthook-freebsd-x64": ["lefthook-freebsd-x64@2.1.12", "", { "os": "freebsd", "cpu": "x64" }, "sha512-HYQZPGy2DDEx7dbuotusJpujY5q9igOLgx36qeeQcNQuvvdGHPj2ZGSIsGKhoJ0dw5Qa4knKJoPAHEZQWdV/og=="],

    "lefthook-linux-arm64": ["lefthook-linux-arm64@2.1.12", "", { "os": "linux", "cpu": "arm64" }, "sha512-ipjOri2PB/sk4noPrHQuM5fcpNBjmlKo4qMtXyLnxeOxGYHWZzf0Xi0OtrXHQ//tOprcv40ADvhUuSdcGqigLw=="],

    "lefthook-linux-x64": ["lefthook-linux-x64@2.1.12", "", { "os": "linux", "cpu": "x64" }, "sha512-DmU6xfvqVoFdW+STyc70YI4Ry8vkHGKHx+IJ1Js/Gacq5dv+fiwNzwle3bi28EkL6P8xY67B/CfQfRj4SRU4tg=="],

    "lefthook-openbsd-arm64": ["lefthook-openbsd-arm64@2.1.12", "", { "os": "openbsd", "cpu": "arm64" }, "sha512-vb0J7bElLvoaCWQmna3HntsvoNqMsGAhfjjC99ss1OdCteufZKM3RxCVoMBEbD50Itv2c1Ua2AFVToltVFTy1Q=="],

    "lefthook-openbsd-x64": ["lefthook-openbsd-x64@2.1.12", "", { "os": "openbsd", "cpu": "x64" }, "sha512-QOmhDWqPPK4+99scanfEmbJjUR+JYC93qhr/0bp5Dj3LaR3kVFNWc6zOQUsOTPy/LC6PG759Lej/mr/BtjUL2Q=="],

    "lefthook-windows-arm64": ["lefthook-windows-arm64@2.1.12", "", { "os": "win32", "cpu": "arm64" }, "sha512-eErEyr9AHkRFj6TxpCQeKGd0s6IrtL/VEIZ/ssg8dNfG+ycR4jAW/IAlrJSw6/ZQXb3WtWLaQ6QA5c+TLh7vmg=="],

    "lefthook-windows-x64": ["lefthook-windows-x64@2.1.12", "", { "os": "win32", "cpu": "x64" }, "sha512-0h+WmDVdDriTjloD/UbjPq/ZtqaaJlPAdGcVwMCEdAxfbF0FTgDbKX3igui9g2U/qG2y6QpVhtz1jeiRe7ctaw=="],

    "merge2": ["merge2@1.4.1", "", {}, "sha512-8q7VEgMJW4J8tcfVPy8g09NcQwZdbwFEqhe/WZkoIzjn/3TGDwtOCYtXGxA3O8tPzpczCCDgv+P2P5y00ZJOOg=="],

    "micromatch": ["micromatch@4.0.8", "", { "dependencies": { "braces": "^3.0.3", "picomatch": "^2.3.1" } }, "sha512-PXwfBhYu0hBCPw8Dn0E+WDYb7af3dSLVWKi3HGv84IdF4TyFoC0ysxFd0Goxw7nSv4T/PzEJQxsYsEiFCKo2BA=="],

    "oxfmt": ["oxfmt@0.65.0", "", { "dependencies": { "tinypool": "2.1.0" }, "optionalDependencies": { "@oxfmt/binding-android-arm-eabi": "0.65.0", "@oxfmt/binding-android-arm64": "0.65.0", "@oxfmt/binding-darwin-arm64": "0.65.0", "@oxfmt/binding-darwin-x64": "0.65.0", "@oxfmt/binding-freebsd-x64": "0.65.0", "@oxfmt/binding-linux-arm-gnueabihf": "0.65.0", "@oxfmt/binding-linux-arm-musleabihf": "0.65.0", "@oxfmt/binding-linux-arm64-gnu": "0.65.0", "@oxfmt/binding-linux-arm64-musl": "0.65.0", "@oxfmt/binding-linux-ppc64-gnu": "0.65.0", "@oxfmt/binding-linux-riscv64-gnu": "0.65.0", "@oxfmt/binding-linux-riscv64-musl": "0.65.0", "@oxfmt/binding-linux-s390x-gnu": "0.65.0", "@oxfmt/binding-linux-x64-gnu": "0.65.0", "@oxfmt/binding-linux-x64-musl": "0.65.0", "@oxfmt/binding-openharmony-arm64": "0.65.0", "@oxfmt/binding-win32-arm64-msvc": "0.65.0", "@oxfmt/binding-win32-ia32-msvc": "0.65.0", "@oxfmt/binding-win32-x64-msvc": "0.65.0" }, "peerDependencies": { "svelte": "^5.0.0", "vite-plus": "*" }, "optionalPeers": ["svelte", "vite-plus"], "bin": { "oxfmt": "bin/oxfmt" } }, "sha512-SgS5VgnP42T0zl3zWD+xoH8FCqg1SAFnSRoOT/qeoa6gxcYIqrDMOmcXIg/EWSN92Du4ogB4riuKhKd6Y4CGhw=="],

    "oxlint": ["oxlint@1.80.0", "", { "optionalDependencies": { "@oxlint/binding-android-arm-eabi": "1.80.0", "@oxlint/binding-android-arm64": "1.80.0", "@oxlint/binding-darwin-arm64": "1.80.0", "@oxlint/binding-darwin-x64": "1.80.0", "@oxlint/binding-freebsd-x64": "1.80.0", "@oxlint/binding-linux-arm-gnueabihf": "1.80.0", "@oxlint/binding-linux-arm-musleabihf": "1.80.0", "@oxlint/binding-linux-arm64-gnu": "1.80.0", "@oxlint/binding-linux-arm64-musl": "1.80.0", "@oxlint/binding-linux-ppc64-gnu": "1.80.0", "@oxlint/binding-linux-riscv64-gnu": "1.80.0", "@oxlint/binding-linux-riscv64-musl": "1.80.0", "@oxlint/binding-linux-s390x-gnu": "1.80.0", "@oxlint/binding-linux-x64-gnu": "1.80.0", "@oxlint/binding-linux-x64-musl": "1.80.0", "@oxlint/binding-openharmony-arm64": "1.80.0", "@oxlint/binding-win32-arm64-msvc": "1.80.0", "@oxlint/binding-win32-ia32-msvc": "1.80.0", "@oxlint/binding-win32-x64-msvc": "1.80.0" }, "peerDependencies": { "oxlint-tsgolint": ">=7.0.2001", "vite-plus": "*" }, "optionalPeers": ["oxlint-tsgolint", "vite-plus"], "bin": { "oxlint": "bin/oxlint" } }, "sha512-5nTiSps4qdbCWLbxzuO00alHkEO2exR9YMN/ig6QXWrLsYSG0KaObOAM+l6oU2LcKPWoSAGYbkZIGEu1ViiWKA=="],

    "picomatch": ["picomatch@2.3.1", "", {}, "sha512-JU3teHTNjmE2VCGFzuY8EXzCDVwEqB2a8fsIvwaStHhAWJEeVd1o1QD80CU6+ZdEXXSLbSsuLwJjkCBWqRQUVA=="],

    "queue-microtask": ["queue-microtask@1.2.3", "", {}, "sha512-NuaNSa6flKT5JaSYQzJok04JzTL1CA6aGhv5rfLW3PgqA+M2ChpZQnAC8h8i4ZFkBS8X5RqkDBHA7r4hej3K9A=="],

    "reusify": ["reusify@1.1.0", "", {}, "sha512-g6QUff04oZpHs0eG5p83rFLhHeV00ug/Yf9nZM6fLeUrPguBTkTQOdpAWWspMh55TZfVQDPaN3NQJfbVRAxdIw=="],

    "run-parallel": ["run-parallel@1.2.0", "", { "dependencies": { "queue-microtask": "^1.2.2" } }, "sha512-5l4VyZR86LZ/lDxZTR6jqL8AFE2S0IFLMP26AbjsLVADxHdhB/c0GUsH+y39UfCi3dzz8OlQuPmnaJOMoDHQBA=="],

    "tinypool": ["tinypool@2.1.0", "", {}, "sha512-Pugqs6M0m7Lv1I7FtxN4aoyToKg1C4tu+/381vH35y8oENM/Ai7f7C4StcoK4/+BSw9ebcS8jRiVrORFKCALLw=="],

    "to-regex-range": ["to-regex-range@5.0.1", "", { "dependencies": { "is-number": "^7.0.0" } }, "sha512-65P7iz6X5yEr1cwcgvQxbbIw7Uk3gOy5dIdtZ4rDveLqhrdJP+Li/Hx6tyK0NEb+2GCyneCMJiGqrADCSNk8sQ=="],

    "typescript": ["typescript@6.0.3", "", { "bin": { "tsc": "bin/tsc", "tsserver": "bin/tsserver" } }, "sha512-y2TvuxSZPDyQakkFRPZHKFm+KKVqIisdg9/CZwm9ftvKXLP8NRWj38/ODjNbr43SsoXqNuAisEf1GdCxqWcdBw=="],

    "undici-types": ["undici-types@8.3.0", "", {}, "sha512-j375ScV60dom+YkPFIfTLcOiPxkN/buHz5GobjLhixFuANaNs3C9l4GmrWqejgXWJ7BbJcFYpTEUkS1Ge8bpZQ=="],

    "bun-types/@types/node": ["@types/node@22.19.3", "", { "dependencies": { "undici-types": "~6.21.0" } }, "sha512-1N9SBnWYOJTrNZCdh/yJE+t910Y128BoyY+zBLWhL3r0TYzlTmFdXrPwHL9DyFZmlEXNQQolTZh3KHV31QDhyA=="],

    "bun-types/@types/node/undici-types": ["undici-types@6.21.0", "", {}, "sha512-iwDZqg0QAGrg9Rav5H4n0M64c3mkR59cJ6wQp+7C4nI0gsmExaedaYLNO44eT4AtBBwjbTiGPMlt2Md0T9H9JQ=="],
  }
}
